// !$*UTF8*$!
{
	archiveVersion = 1;
	classes = {
	};
	objectVersion = 50;
	objects = {

/* Begin PBXBuildFile section */
		7834C4C026A4DC0B00A066E2 /* Dices.swift in Sources */ = {isa = PBXBuildFile; fileRef = 7834C4BF26A4DC0B00A066E2 /* Dices.swift */; };
		784E687B269DC0A000C01B78 /* BaseCoordinator.swift in Sources */ = {isa = PBXBuildFile; fileRef = 784E687A269DC0A000C01B78 /* BaseCoordinator.swift */; };
		784E687D269DC0D800C01B78 /* DiceCoordinator.swift in Sources */ = {isa = PBXBuildFile; fileRef = 784E687C269DC0D800C01B78 /* DiceCoordinator.swift */; };
		784E687F269DC13900C01B78 /* Player.swift in Sources */ = {isa = PBXBuildFile; fileRef = 784E687E269DC13900C01B78 /* Player.swift */; };
		784E6882269DC95C00C01B78 /* LoginViewController.swift in Sources */ = {isa = PBXBuildFile; fileRef = 784E6880269DC95C00C01B78 /* LoginViewController.swift */; };
		784E6883269DC95C00C01B78 /* LoginViewController.xib in Resources */ = {isa = PBXBuildFile; fileRef = 784E6881269DC95C00C01B78 /* LoginViewController.xib */; };
		784E6886269DCB2A00C01B78 /* LoginView.swift in Sources */ = {isa = PBXBuildFile; fileRef = 784E6885269DCB2A00C01B78 /* LoginView.swift */; };
		784E688B269ED4F000C01B78 /* GameViewController.swift in Sources */ = {isa = PBXBuildFile; fileRef = 784E6889269ED4F000C01B78 /* GameViewController.swift */; };
		784E688C269ED4F000C01B78 /* GameViewController.xib in Resources */ = {isa = PBXBuildFile; fileRef = 784E688A269ED4F000C01B78 /* GameViewController.xib */; };
		784E688E269ED51100C01B78 /* GameView.swift in Sources */ = {isa = PBXBuildFile; fileRef = 784E688D269ED51100C01B78 /* GameView.swift */; };
		784E6890269EE04100C01B78 /* ScoreView.swift in Sources */ = {isa = PBXBuildFile; fileRef = 784E688F269EE04100C01B78 /* ScoreView.swift */; };
		78681D03269C93B100975FA6 /* AppDelegate.swift in Sources */ = {isa = PBXBuildFile; fileRef = 78681D02269C93B100975FA6 /* AppDelegate.swift */; };
		78681D0A269C93B100975FA6 /* Main.storyboard in Resources */ = {isa = PBXBuildFile; fileRef = 78681D08269C93B100975FA6 /* Main.storyboard */; };
		78681D0C269C93B400975FA6 /* Assets.xcassets in Resources */ = {isa = PBXBuildFile; fileRef = 78681D0B269C93B400975FA6 /* Assets.xcassets */; };
		78681D0F269C93B400975FA6 /* LaunchScreen.storyboard in Resources */ = {isa = PBXBuildFile; fileRef = 78681D0D269C93B400975FA6 /* LaunchScreen.storyboard */; };
		78681D1A269C93B400975FA6 /* DiceTests.swift in Sources */ = {isa = PBXBuildFile; fileRef = 78681D19269C93B400975FA6 /* DiceTests.swift */; };
		78681D25269C93B400975FA6 /* DiceUITests.swift in Sources */ = {isa = PBXBuildFile; fileRef = 78681D24269C93B400975FA6 /* DiceUITests.swift */; };
		786EF62A26A165A700D54F54 /* LeadeboardViewController.swift in Sources */ = {isa = PBXBuildFile; fileRef = 786EF62826A165A700D54F54 /* LeadeboardViewController.swift */; };
		786EF62B26A165A700D54F54 /* LeadeboardViewController.xib in Resources */ = {isa = PBXBuildFile; fileRef = 786EF62926A165A700D54F54 /* LeadeboardViewController.xib */; };
		786EF62D26A165BB00D54F54 /* LeaderboardView.swift in Sources */ = {isa = PBXBuildFile; fileRef = 786EF62C26A165BB00D54F54 /* LeaderboardView.swift */; };
		787E6BA526AFF1C800A7AC94 /* UIView+CornerRadius.swift in Sources */ = {isa = PBXBuildFile; fileRef = 787E6BA426AFF1C800A7AC94 /* UIView+CornerRadius.swift */; };
		787E6BA926B008C900A7AC94 /* Functions.swift in Sources */ = {isa = PBXBuildFile; fileRef = 787E6BA826B008C900A7AC94 /* Functions.swift */; };
		787E6BAB26B0163400A7AC94 /* UIViewController+Alert.swift in Sources */ = {isa = PBXBuildFile; fileRef = 787E6BAA26B0163400A7AC94 /* UIViewController+Alert.swift */; };
		787E6BAD26B0164F00A7AC94 /* UIViewController+Presentation.swift in Sources */ = {isa = PBXBuildFile; fileRef = 787E6BAC26B0164F00A7AC94 /* UIViewController+Presentation.swift */; };
		787E6BAF26B016CA00A7AC94 /* BaseTexts.swift in Sources */ = {isa = PBXBuildFile; fileRef = 787E6BAE26B016CA00A7AC94 /* BaseTexts.swift */; };
		789DBB1726B2944B007EDC1D /* BaseView.swift in Sources */ = {isa = PBXBuildFile; fileRef = 789DBB1626B2944B007EDC1D /* BaseView.swift */; };
		78B3365E26A705BA0038AD13 /* BaseViewController.swift in Sources */ = {isa = PBXBuildFile; fileRef = 78B3365D26A705BA0038AD13 /* BaseViewController.swift */; };
		78FF413026A83ACA006FA13C /* LeaderboardTableViewCell.swift in Sources */ = {isa = PBXBuildFile; fileRef = 78FF412E26A83ACA006FA13C /* LeaderboardTableViewCell.swift */; };
		78FF413126A83ACA006FA13C /* LeaderboardTableViewCell.xib in Resources */ = {isa = PBXBuildFile; fileRef = 78FF412F26A83ACA006FA13C /* LeaderboardTableViewCell.xib */; };
		78FF413326AED18D006FA13C /* UITableViewCell+Xib.swift in Sources */ = {isa = PBXBuildFile; fileRef = 78FF413226AED18D006FA13C /* UITableViewCell+Xib.swift */; };
/* End PBXBuildFile section */

/* Begin PBXContainerItemProxy section */
		78681D16269C93B400975FA6 /* PBXContainerItemProxy */ = {
			isa = PBXContainerItemProxy;
			containerPortal = 78681CF7269C93B100975FA6 /* Project object */;
			proxyType = 1;
			remoteGlobalIDString = 78681CFE269C93B100975FA6;
			remoteInfo = Dice;
		};
		78681D21269C93B400975FA6 /* PBXContainerItemProxy */ = {
			isa = PBXContainerItemProxy;
			containerPortal = 78681CF7269C93B100975FA6 /* Project object */;
			proxyType = 1;
			remoteGlobalIDString = 78681CFE269C93B100975FA6;
			remoteInfo = Dice;
		};
/* End PBXContainerItemProxy section */

/* Begin PBXFileReference section */
		7834C4BF26A4DC0B00A066E2 /* Dices.swift */ = {isa = PBXFileReference; lastKnownFileType = sourcecode.swift; path = Dices.swift; sourceTree = "<group>"; };
		784E687A269DC0A000C01B78 /* BaseCoordinator.swift */ = {isa = PBXFileReference; lastKnownFileType = sourcecode.swift; path = BaseCoordinator.swift; sourceTree = "<group>"; };
		784E687C269DC0D800C01B78 /* DiceCoordinator.swift */ = {isa = PBXFileReference; lastKnownFileType = sourcecode.swift; path = DiceCoordinator.swift; sourceTree = "<group>"; };
		784E687E269DC13900C01B78 /* Player.swift */ = {isa = PBXFileReference; lastKnownFileType = sourcecode.swift; path = Player.swift; sourceTree = "<group>"; };
		784E6880269DC95C00C01B78 /* LoginViewController.swift */ = {isa = PBXFileReference; lastKnownFileType = sourcecode.swift; path = LoginViewController.swift; sourceTree = "<group>"; };
		784E6881269DC95C00C01B78 /* LoginViewController.xib */ = {isa = PBXFileReference; lastKnownFileType = file.xib; path = LoginViewController.xib; sourceTree = "<group>"; };
		784E6885269DCB2A00C01B78 /* LoginView.swift */ = {isa = PBXFileReference; lastKnownFileType = sourcecode.swift; path = LoginView.swift; sourceTree = "<group>"; };
		784E6889269ED4F000C01B78 /* GameViewController.swift */ = {isa = PBXFileReference; lastKnownFileType = sourcecode.swift; path = GameViewController.swift; sourceTree = "<group>"; };
		784E688A269ED4F000C01B78 /* GameViewController.xib */ = {isa = PBXFileReference; lastKnownFileType = file.xib; path = GameViewController.xib; sourceTree = "<group>"; };
		784E688D269ED51100C01B78 /* GameView.swift */ = {isa = PBXFileReference; lastKnownFileType = sourcecode.swift; path = GameView.swift; sourceTree = "<group>"; };
		784E688F269EE04100C01B78 /* ScoreView.swift */ = {isa = PBXFileReference; lastKnownFileType = sourcecode.swift; path = ScoreView.swift; sourceTree = "<group>"; };
		78681CFF269C93B100975FA6 /* Dice.app */ = {isa = PBXFileReference; explicitFileType = wrapper.application; includeInIndex = 0; path = Dice.app; sourceTree = BUILT_PRODUCTS_DIR; };
		78681D02269C93B100975FA6 /* AppDelegate.swift */ = {isa = PBXFileReference; lastKnownFileType = sourcecode.swift; path = AppDelegate.swift; sourceTree = "<group>"; };
		78681D09269C93B100975FA6 /* Base */ = {isa = PBXFileReference; lastKnownFileType = file.storyboard; name = Base; path = Base.lproj/Main.storyboard; sourceTree = "<group>"; };
		78681D0B269C93B400975FA6 /* Assets.xcassets */ = {isa = PBXFileReference; lastKnownFileType = folder.assetcatalog; path = Assets.xcassets; sourceTree = "<group>"; };
		78681D0E269C93B400975FA6 /* Base */ = {isa = PBXFileReference; lastKnownFileType = file.storyboard; name = Base; path = Base.lproj/LaunchScreen.storyboard; sourceTree = "<group>"; };
		78681D10269C93B400975FA6 /* Info.plist */ = {isa = PBXFileReference; lastKnownFileType = text.plist.xml; path = Info.plist; sourceTree = "<group>"; };
		78681D15269C93B400975FA6 /* DiceTests.xctest */ = {isa = PBXFileReference; explicitFileType = wrapper.cfbundle; includeInIndex = 0; path = DiceTests.xctest; sourceTree = BUILT_PRODUCTS_DIR; };
		78681D19269C93B400975FA6 /* DiceTests.swift */ = {isa = PBXFileReference; lastKnownFileType = sourcecode.swift; path = DiceTests.swift; sourceTree = "<group>"; };
		78681D1B269C93B400975FA6 /* Info.plist */ = {isa = PBXFileReference; lastKnownFileType = text.plist.xml; path = Info.plist; sourceTree = "<group>"; };
		78681D20269C93B400975FA6 /* DiceUITests.xctest */ = {isa = PBXFileReference; explicitFileType = wrapper.cfbundle; includeInIndex = 0; path = DiceUITests.xctest; sourceTree = BUILT_PRODUCTS_DIR; };
		78681D24269C93B400975FA6 /* DiceUITests.swift */ = {isa = PBXFileReference; lastKnownFileType = sourcecode.swift; path = DiceUITests.swift; sourceTree = "<group>"; };
		78681D26269C93B400975FA6 /* Info.plist */ = {isa = PBXFileReference; lastKnownFileType = text.plist.xml; path = Info.plist; sourceTree = "<group>"; };
		786EF62826A165A700D54F54 /* LeadeboardViewController.swift */ = {isa = PBXFileReference; lastKnownFileType = sourcecode.swift; path = LeadeboardViewController.swift; sourceTree = "<group>"; };
		786EF62926A165A700D54F54 /* LeadeboardViewController.xib */ = {isa = PBXFileReference; lastKnownFileType = file.xib; path = LeadeboardViewController.xib; sourceTree = "<group>"; };
		786EF62C26A165BB00D54F54 /* LeaderboardView.swift */ = {isa = PBXFileReference; lastKnownFileType = sourcecode.swift; path = LeaderboardView.swift; sourceTree = "<group>"; };
		787E6BA426AFF1C800A7AC94 /* UIView+CornerRadius.swift */ = {isa = PBXFileReference; lastKnownFileType = sourcecode.swift; name = "UIView+CornerRadius.swift"; path = "Dice/Source/UI/DiceFlow/LeaderBoard/UIView+CornerRadius.swift"; sourceTree = SOURCE_ROOT; };
		787E6BA826B008C900A7AC94 /* Functions.swift */ = {isa = PBXFileReference; lastKnownFileType = sourcecode.swift; name = Functions.swift; path = Dice/Source/UI/DiceFlow/LeaderBoard/Functions.swift; sourceTree = SOURCE_ROOT; };
		787E6BAA26B0163400A7AC94 /* UIViewController+Alert.swift */ = {isa = PBXFileReference; lastKnownFileType = sourcecode.swift; name = "UIViewController+Alert.swift"; path = "Dice/Source/UI/DiceFlow/LeaderBoard/UIViewController+Alert.swift"; sourceTree = SOURCE_ROOT; };
		787E6BAC26B0164F00A7AC94 /* UIViewController+Presentation.swift */ = {isa = PBXFileReference; lastKnownFileType = sourcecode.swift; name = "UIViewController+Presentation.swift"; path = "Dice/Source/UI/DiceFlow/LeaderBoard/UIViewController+Presentation.swift"; sourceTree = SOURCE_ROOT; };
		787E6BAE26B016CA00A7AC94 /* BaseTexts.swift */ = {isa = PBXFileReference; lastKnownFileType = sourcecode.swift; name = BaseTexts.swift; path = Dice/Source/UI/DiceFlow/LeaderBoard/BaseTexts.swift; sourceTree = SOURCE_ROOT; };
		789DBB1626B2944B007EDC1D /* BaseView.swift */ = {isa = PBXFileReference; lastKnownFileType = sourcecode.swift; path = BaseView.swift; sourceTree = "<group>"; };
		78B3365D26A705BA0038AD13 /* BaseViewController.swift */ = {isa = PBXFileReference; lastKnownFileType = sourcecode.swift; path = BaseViewController.swift; sourceTree = "<group>"; };
		78FF412E26A83ACA006FA13C /* LeaderboardTableViewCell.swift */ = {isa = PBXFileReference; lastKnownFileType = sourcecode.swift; path = LeaderboardTableViewCell.swift; sourceTree = "<group>"; };
		78FF412F26A83ACA006FA13C /* LeaderboardTableViewCell.xib */ = {isa = PBXFileReference; lastKnownFileType = file.xib; path = LeaderboardTableViewCell.xib; sourceTree = "<group>"; };
		78FF413226AED18D006FA13C /* UITableViewCell+Xib.swift */ = {isa = PBXFileReference; lastKnownFileType = sourcecode.swift; name = "UITableViewCell+Xib.swift"; path = "Dice/Source/UI/DiceFlow/LeaderBoard/UITableViewCell+Xib.swift"; sourceTree = SOURCE_ROOT; };
/* End PBXFileReference section */

/* Begin PBXFrameworksBuildPhase section */
		78681CFC269C93B100975FA6 /* Frameworks */ = {
			isa = PBXFrameworksBuildPhase;
			buildActionMask = 2147483647;
			files = (
			);
			runOnlyForDeploymentPostprocessing = 0;
		};
		78681D12269C93B400975FA6 /* Frameworks */ = {
			isa = PBXFrameworksBuildPhase;
			buildActionMask = 2147483647;
			files = (
			);
			runOnlyForDeploymentPostprocessing = 0;
		};
		78681D1D269C93B400975FA6 /* Frameworks */ = {
			isa = PBXFrameworksBuildPhase;
			buildActionMask = 2147483647;
			files = (
			);
			runOnlyForDeploymentPostprocessing = 0;
		};
/* End PBXFrameworksBuildPhase section */

/* Begin PBXGroup section */
		784E6876269DBDE800C01B78 /* DiceFlow */ = {
			isa = PBXGroup;
			children = (
				784E6877269DBE4900C01B78 /* Login */,
				784E6878269DBE5E00C01B78 /* Game */,
				784E6879269DBE6900C01B78 /* LeaderBoard */,
				78B3365D26A705BA0038AD13 /* BaseViewController.swift */,
				789DBB1626B2944B007EDC1D /* BaseView.swift */,
			);
			path = DiceFlow;
			sourceTree = "<group>";
		};
		784E6877269DBE4900C01B78 /* Login */ = {
			isa = PBXGroup;
			children = (
				784E6880269DC95C00C01B78 /* LoginViewController.swift */,
				784E6881269DC95C00C01B78 /* LoginViewController.xib */,
				784E6885269DCB2A00C01B78 /* LoginView.swift */,
			);
			path = Login;
			sourceTree = "<group>";
		};
		784E6878269DBE5E00C01B78 /* Game */ = {
			isa = PBXGroup;
			children = (
				784E6889269ED4F000C01B78 /* GameViewController.swift */,
				784E688A269ED4F000C01B78 /* GameViewController.xib */,
				784E688D269ED51100C01B78 /* GameView.swift */,
				784E688F269EE04100C01B78 /* ScoreView.swift */,
			);
			path = Game;
			sourceTree = "<group>";
		};
		784E6879269DBE6900C01B78 /* LeaderBoard */ = {
			isa = PBXGroup;
			children = (
				786EF62826A165A700D54F54 /* LeadeboardViewController.swift */,
				786EF62926A165A700D54F54 /* LeadeboardViewController.xib */,
				786EF62C26A165BB00D54F54 /* LeaderboardView.swift */,
				78FF412E26A83ACA006FA13C /* LeaderboardTableViewCell.swift */,
				78FF412F26A83ACA006FA13C /* LeaderboardTableViewCell.xib */,
			);
			path = LeaderBoard;
			sourceTree = "<group>";
		};
		78681CF6269C93B100975FA6 = {
			isa = PBXGroup;
			children = (
				78681D01269C93B100975FA6 /* Dice */,
				78681D18269C93B400975FA6 /* DiceTests */,
				78681D23269C93B400975FA6 /* DiceUITests */,
				78681D00269C93B100975FA6 /* Products */,
			);
			sourceTree = "<group>";
		};
		78681D00269C93B100975FA6 /* Products */ = {
			isa = PBXGroup;
			children = (
				78681CFF269C93B100975FA6 /* Dice.app */,
				78681D15269C93B400975FA6 /* DiceTests.xctest */,
				78681D20269C93B400975FA6 /* DiceUITests.xctest */,
			);
			name = Products;
			sourceTree = "<group>";
		};
		78681D01269C93B100975FA6 /* Dice */ = {
			isa = PBXGroup;
			children = (
				78681D33269D8AA100975FA6 /* Source */,
				78681D02269C93B100975FA6 /* AppDelegate.swift */,
				78681D08269C93B100975FA6 /* Main.storyboard */,
				78681D0B269C93B400975FA6 /* Assets.xcassets */,
				78681D0D269C93B400975FA6 /* LaunchScreen.storyboard */,
				78681D10269C93B400975FA6 /* Info.plist */,
			);
			path = Dice;
			sourceTree = "<group>";
		};
		78681D18269C93B400975FA6 /* DiceTests */ = {
			isa = PBXGroup;
			children = (
				78681D19269C93B400975FA6 /* DiceTests.swift */,
				78681D1B269C93B400975FA6 /* Info.plist */,
			);
			path = DiceTests;
			sourceTree = "<group>";
		};
		78681D23269C93B400975FA6 /* DiceUITests */ = {
			isa = PBXGroup;
			children = (
				78681D24269C93B400975FA6 /* DiceUITests.swift */,
				78681D26269C93B400975FA6 /* Info.plist */,
			);
			path = DiceUITests;
			sourceTree = "<group>";
		};
		78681D33269D8AA100975FA6 /* Source */ = {
			isa = PBXGroup;
			children = (
				78681D34269D8D2D00975FA6 /* Extensions */,
				78681D35269D8D3700975FA6 /* UI */,
				78681D36269D8D4000975FA6 /* Coordinators */,
				78681D37269D8D5000975FA6 /* Models */,
			);
			path = Source;
			sourceTree = "<group>";
		};
		78681D34269D8D2D00975FA6 /* Extensions */ = {
			isa = PBXGroup;
			children = (
				787E6BA826B008C900A7AC94 /* Functions.swift */,
				787E6BA426AFF1C800A7AC94 /* UIView+CornerRadius.swift */,
				78FF413226AED18D006FA13C /* UITableViewCell+Xib.swift */,
				787E6BAA26B0163400A7AC94 /* UIViewController+Alert.swift */,
				787E6BAC26B0164F00A7AC94 /* UIViewController+Presentation.swift */,
				787E6BAE26B016CA00A7AC94 /* BaseTexts.swift */,
			);
			path = Extensions;
			sourceTree = "<group>";
		};
		78681D35269D8D3700975FA6 /* UI */ = {
			isa = PBXGroup;
			children = (
				784E6876269DBDE800C01B78 /* DiceFlow */,
			);
			path = UI;
			sourceTree = "<group>";
		};
		78681D36269D8D4000975FA6 /* Coordinators */ = {
			isa = PBXGroup;
			children = (
				784E687A269DC0A000C01B78 /* BaseCoordinator.swift */,
				784E687C269DC0D800C01B78 /* DiceCoordinator.swift */,
			);
			path = Coordinators;
			sourceTree = "<group>";
		};
		78681D37269D8D5000975FA6 /* Models */ = {
			isa = PBXGroup;
			children = (
				784E687E269DC13900C01B78 /* Player.swift */,
				7834C4BF26A4DC0B00A066E2 /* Dices.swift */,
			);
			path = Models;
			sourceTree = "<group>";
		};
/* End PBXGroup section */

/* Begin PBXNativeTarget section */
		78681CFE269C93B100975FA6 /* Dice */ = {
			isa = PBXNativeTarget;
			buildConfigurationList = 78681D29269C93B400975FA6 /* Build configuration list for PBXNativeTarget "Dice" */;
			buildPhases = (
				78681CFB269C93B100975FA6 /* Sources */,
				78681CFC269C93B100975FA6 /* Frameworks */,
				78681CFD269C93B100975FA6 /* Resources */,
			);
			buildRules = (
			);
			dependencies = (
			);
			name = Dice;
			productName = Dice;
			productReference = 78681CFF269C93B100975FA6 /* Dice.app */;
			productType = "com.apple.product-type.application";
		};
		78681D14269C93B400975FA6 /* DiceTests */ = {
			isa = PBXNativeTarget;
			buildConfigurationList = 78681D2C269C93B400975FA6 /* Build configuration list for PBXNativeTarget "DiceTests" */;
			buildPhases = (
				78681D11269C93B400975FA6 /* Sources */,
				78681D12269C93B400975FA6 /* Frameworks */,
				78681D13269C93B400975FA6 /* Resources */,
			);
			buildRules = (
			);
			dependencies = (
				78681D17269C93B400975FA6 /* PBXTargetDependency */,
			);
			name = DiceTests;
			productName = DiceTests;
			productReference = 78681D15269C93B400975FA6 /* DiceTests.xctest */;
			productType = "com.apple.product-type.bundle.unit-test";
		};
		78681D1F269C93B400975FA6 /* DiceUITests */ = {
			isa = PBXNativeTarget;
			buildConfigurationList = 78681D2F269C93B400975FA6 /* Build configuration list for PBXNativeTarget "DiceUITests" */;
			buildPhases = (
				78681D1C269C93B400975FA6 /* Sources */,
				78681D1D269C93B400975FA6 /* Frameworks */,
				78681D1E269C93B400975FA6 /* Resources */,
			);
			buildRules = (
			);
			dependencies = (
				78681D22269C93B400975FA6 /* PBXTargetDependency */,
			);
			name = DiceUITests;
			productName = DiceUITests;
			productReference = 78681D20269C93B400975FA6 /* DiceUITests.xctest */;
			productType = "com.apple.product-type.bundle.ui-testing";
		};
/* End PBXNativeTarget section */

/* Begin PBXProject section */
		78681CF7269C93B100975FA6 /* Project object */ = {
			isa = PBXProject;
			attributes = {
				LastSwiftUpdateCheck = 1250;
				LastUpgradeCheck = 1250;
				TargetAttributes = {
					78681CFE269C93B100975FA6 = {
						CreatedOnToolsVersion = 12.5.1;
					};
					78681D14269C93B400975FA6 = {
						CreatedOnToolsVersion = 12.5.1;
						TestTargetID = 78681CFE269C93B100975FA6;
					};
					78681D1F269C93B400975FA6 = {
						CreatedOnToolsVersion = 12.5.1;
						TestTargetID = 78681CFE269C93B100975FA6;
					};
				};
			};
			buildConfigurationList = 78681CFA269C93B100975FA6 /* Build configuration list for PBXProject "Dice" */;
			compatibilityVersion = "Xcode 9.3";
			developmentRegion = en;
			hasScannedForEncodings = 0;
			knownRegions = (
				en,
				Base,
			);
			mainGroup = 78681CF6269C93B100975FA6;
			productRefGroup = 78681D00269C93B100975FA6 /* Products */;
			projectDirPath = "";
			projectRoot = "";
			targets = (
				78681CFE269C93B100975FA6 /* Dice */,
				78681D14269C93B400975FA6 /* DiceTests */,
				78681D1F269C93B400975FA6 /* DiceUITests */,
			);
		};
/* End PBXProject section */

/* Begin PBXResourcesBuildPhase section */
		78681CFD269C93B100975FA6 /* Resources */ = {
			isa = PBXResourcesBuildPhase;
			buildActionMask = 2147483647;
			files = (
				78FF413126A83ACA006FA13C /* LeaderboardTableViewCell.xib in Resources */,
				784E6883269DC95C00C01B78 /* LoginViewController.xib in Resources */,
				78681D0F269C93B400975FA6 /* LaunchScreen.storyboard in Resources */,
				78681D0C269C93B400975FA6 /* Assets.xcassets in Resources */,
				786EF62B26A165A700D54F54 /* LeadeboardViewController.xib in Resources */,
				78681D0A269C93B100975FA6 /* Main.storyboard in Resources */,
				784E688C269ED4F000C01B78 /* GameViewController.xib in Resources */,
			);
			runOnlyForDeploymentPostprocessing = 0;
		};
		78681D13269C93B400975FA6 /* Resources */ = {
			isa = PBXResourcesBuildPhase;
			buildActionMask = 2147483647;
			files = (
			);
			runOnlyForDeploymentPostprocessing = 0;
		};
		78681D1E269C93B400975FA6 /* Resources */ = {
			isa = PBXResourcesBuildPhase;
			buildActionMask = 2147483647;
			files = (
			);
			runOnlyForDeploymentPostprocessing = 0;
		};
/* End PBXResourcesBuildPhase section */

/* Begin PBXSourcesBuildPhase section */
		78681CFB269C93B100975FA6 /* Sources */ = {
			isa = PBXSourcesBuildPhase;
			buildActionMask = 2147483647;
			files = (
				784E6886269DCB2A00C01B78 /* LoginView.swift in Sources */,
				78FF413026A83ACA006FA13C /* LeaderboardTableViewCell.swift in Sources */,
				78681D03269C93B100975FA6 /* AppDelegate.swift in Sources */,
				784E687D269DC0D800C01B78 /* DiceCoordinator.swift in Sources */,
				784E687F269DC13900C01B78 /* Player.swift in Sources */,
				786EF62D26A165BB00D54F54 /* LeaderboardView.swift in Sources */,
				78B3365E26A705BA0038AD13 /* BaseViewController.swift in Sources */,
				784E688E269ED51100C01B78 /* GameView.swift in Sources */,
				784E688B269ED4F000C01B78 /* GameViewController.swift in Sources */,
				787E6BAB26B0163400A7AC94 /* UIViewController+Alert.swift in Sources */,
				787E6BA526AFF1C800A7AC94 /* UIView+CornerRadius.swift in Sources */,
				7834C4C026A4DC0B00A066E2 /* Dices.swift in Sources */,
				787E6BA926B008C900A7AC94 /* Functions.swift in Sources */,
				787E6BAF26B016CA00A7AC94 /* BaseTexts.swift in Sources */,
				784E6882269DC95C00C01B78 /* LoginViewController.swift in Sources */,
				78FF413326AED18D006FA13C /* UITableViewCell+Xib.swift in Sources */,
				784E687B269DC0A000C01B78 /* BaseCoordinator.swift in Sources */,
				784E6890269EE04100C01B78 /* ScoreView.swift in Sources */,
				789DBB1726B2944B007EDC1D /* BaseView.swift in Sources */,
				786EF62A26A165A700D54F54 /* LeadeboardViewController.swift in Sources */,
				787E6BAD26B0164F00A7AC94 /* UIViewController+Presentation.swift in Sources */,
			);
			runOnlyForDeploymentPostprocessing = 0;
		};
		78681D11269C93B400975FA6 /* Sources */ = {
			isa = PBXSourcesBuildPhase;
			buildActionMask = 2147483647;
			files = (
				78681D1A269C93B400975FA6 /* DiceTests.swift in Sources */,
			);
			runOnlyForDeploymentPostprocessing = 0;
		};
		78681D1C269C93B400975FA6 /* Sources */ = {
			isa = PBXSourcesBuildPhase;
			buildActionMask = 2147483647;
			files = (
				78681D25269C93B400975FA6 /* DiceUITests.swift in Sources */,
			);
			runOnlyForDeploymentPostprocessing = 0;
		};
/* End PBXSourcesBuildPhase section */

/* Begin PBXTargetDependency section */
		78681D17269C93B400975FA6 /* PBXTargetDependency */ = {
			isa = PBXTargetDependency;
			target = 78681CFE269C93B100975FA6 /* Dice */;
			targetProxy = 78681D16269C93B400975FA6 /* PBXContainerItemProxy */;
		};
		78681D22269C93B400975FA6 /* PBXTargetDependency */ = {
			isa = PBXTargetDependency;
			target = 78681CFE269C93B100975FA6 /* Dice */;
			targetProxy = 78681D21269C93B400975FA6 /* PBXContainerItemProxy */;
		};
/* End PBXTargetDependency section */

/* Begin PBXVariantGroup section */
		78681D08269C93B100975FA6 /* Main.storyboard */ = {
			isa = PBXVariantGroup;
			children = (
				78681D09269C93B100975FA6 /* Base */,
			);
			name = Main.storyboard;
			sourceTree = "<group>";
		};
		78681D0D269C93B400975FA6 /* LaunchScreen.storyboard */ = {
			isa = PBXVariantGroup;
			children = (
				78681D0E269C93B400975FA6 /* Base */,
			);
			name = LaunchScreen.storyboard;
			sourceTree = "<group>";
		};
/* End PBXVariantGroup section */

/* Begin XCBuildConfiguration section */
		78681D27269C93B400975FA6 /* Debug */ = {
			isa = XCBuildConfiguration;
			buildSettings = {
				ALWAYS_SEARCH_USER_PATHS = NO;
				CLANG_ANALYZER_NONNULL = YES;
				CLANG_ANALYZER_NUMBER_OBJECT_CONVERSION = YES_AGGRESSIVE;
				CLANG_CXX_LANGUAGE_STANDARD = "gnu++14";
				CLANG_CXX_LIBRARY = "libc++";
				CLANG_ENABLE_MODULES = YES;
				CLANG_ENABLE_OBJC_ARC = YES;
				CLANG_ENABLE_OBJC_WEAK = YES;
				CLANG_WARN_BLOCK_CAPTURE_AUTORELEASING = YES;
				CLANG_WARN_BOOL_CONVERSION = YES;
				CLANG_WARN_COMMA = YES;
				CLANG_WARN_CONSTANT_CONVERSION = YES;
				CLANG_WARN_DEPRECATED_OBJC_IMPLEMENTATIONS = YES;
				CLANG_WARN_DIRECT_OBJC_ISA_USAGE = YES_ERROR;
				CLANG_WARN_DOCUMENTATION_COMMENTS = YES;
				CLANG_WARN_EMPTY_BODY = YES;
				CLANG_WARN_ENUM_CONVERSION = YES;
				CLANG_WARN_INFINITE_RECURSION = YES;
				CLANG_WARN_INT_CONVERSION = YES;
				CLANG_WARN_NON_LITERAL_NULL_CONVERSION = YES;
				CLANG_WARN_OBJC_IMPLICIT_RETAIN_SELF = YES;
				CLANG_WARN_OBJC_LITERAL_CONVERSION = YES;
				CLANG_WARN_OBJC_ROOT_CLASS = YES_ERROR;
				CLANG_WARN_QUOTED_INCLUDE_IN_FRAMEWORK_HEADER = YES;
				CLANG_WARN_RANGE_LOOP_ANALYSIS = YES;
				CLANG_WARN_STRICT_PROTOTYPES = YES;
				CLANG_WARN_SUSPICIOUS_MOVE = YES;
				CLANG_WARN_UNGUARDED_AVAILABILITY = YES_AGGRESSIVE;
				CLANG_WARN_UNREACHABLE_CODE = YES;
				CLANG_WARN__DUPLICATE_METHOD_MATCH = YES;
				COPY_PHASE_STRIP = NO;
				DEBUG_INFORMATION_FORMAT = dwarf;
				ENABLE_STRICT_OBJC_MSGSEND = YES;
				ENABLE_TESTABILITY = YES;
				GCC_C_LANGUAGE_STANDARD = gnu11;
				GCC_DYNAMIC_NO_PIC = NO;
				GCC_NO_COMMON_BLOCKS = YES;
				GCC_OPTIMIZATION_LEVEL = 0;
				GCC_PREPROCESSOR_DEFINITIONS = (
					"DEBUG=1",
					"$(inherited)",
				);
				GCC_WARN_64_TO_32_BIT_CONVERSION = YES;
				GCC_WARN_ABOUT_RETURN_TYPE = YES_ERROR;
				GCC_WARN_UNDECLARED_SELECTOR = YES;
				GCC_WARN_UNINITIALIZED_AUTOS = YES_AGGRESSIVE;
				GCC_WARN_UNUSED_FUNCTION = YES;
				GCC_WARN_UNUSED_VARIABLE = YES;
				IPHONEOS_DEPLOYMENT_TARGET = 14.5;
				MTL_ENABLE_DEBUG_INFO = INCLUDE_SOURCE;
				MTL_FAST_MATH = YES;
				ONLY_ACTIVE_ARCH = YES;
				SDKROOT = iphoneos;
				SWIFT_ACTIVE_COMPILATION_CONDITIONS = DEBUG;
				SWIFT_OPTIMIZATION_LEVEL = "-Onone";
			};
			name = Debug;
		};
		78681D28269C93B400975FA6 /* Release */ = {
			isa = XCBuildConfiguration;
			buildSettings = {
				ALWAYS_SEARCH_USER_PATHS = NO;
				CLANG_ANALYZER_NONNULL = YES;
				CLANG_ANALYZER_NUMBER_OBJECT_CONVERSION = YES_AGGRESSIVE;
				CLANG_CXX_LANGUAGE_STANDARD = "gnu++14";
				CLANG_CXX_LIBRARY = "libc++";
				CLANG_ENABLE_MODULES = YES;
				CLANG_ENABLE_OBJC_ARC = YES;
				CLANG_ENABLE_OBJC_WEAK = YES;
				CLANG_WARN_BLOCK_CAPTURE_AUTORELEASING = YES;
				CLANG_WARN_BOOL_CONVERSION = YES;
				CLANG_WARN_COMMA = YES;
				CLANG_WARN_CONSTANT_CONVERSION = YES;
				CLANG_WARN_DEPRECATED_OBJC_IMPLEMENTATIONS = YES;
				CLANG_WARN_DIRECT_OBJC_ISA_USAGE = YES_ERROR;
				CLANG_WARN_DOCUMENTATION_COMMENTS = YES;
				CLANG_WARN_EMPTY_BODY = YES;
				CLANG_WARN_ENUM_CONVERSION = YES;
				CLANG_WARN_INFINITE_RECURSION = YES;
				CLANG_WARN_INT_CONVERSION = YES;
				CLANG_WARN_NON_LITERAL_NULL_CONVERSION = YES;
				CLANG_WARN_OBJC_IMPLICIT_RETAIN_SELF = YES;
				CLANG_WARN_OBJC_LITERAL_CONVERSION = YES;
				CLANG_WARN_OBJC_ROOT_CLASS = YES_ERROR;
				CLANG_WARN_QUOTED_INCLUDE_IN_FRAMEWORK_HEADER = YES;
				CLANG_WARN_RANGE_LOOP_ANALYSIS = YES;
				CLANG_WARN_STRICT_PROTOTYPES = YES;
				CLANG_WARN_SUSPICIOUS_MOVE = YES;
				CLANG_WARN_UNGUARDED_AVAILABILITY = YES_AGGRESSIVE;
				CLANG_WARN_UNREACHABLE_CODE = YES;
				CLANG_WARN__DUPLICATE_METHOD_MATCH = YES;
				COPY_PHASE_STRIP = NO;
				DEBUG_INFORMATION_FORMAT = "dwarf-with-dsym";
				ENABLE_NS_ASSERTIONS = NO;
				ENABLE_STRICT_OBJC_MSGSEND = YES;
				GCC_C_LANGUAGE_STANDARD = gnu11;
				GCC_NO_COMMON_BLOCKS = YES;
				GCC_WARN_64_TO_32_BIT_CONVERSION = YES;
				GCC_WARN_ABOUT_RETURN_TYPE = YES_ERROR;
				GCC_WARN_UNDECLARED_SELECTOR = YES;
				GCC_WARN_UNINITIALIZED_AUTOS = YES_AGGRESSIVE;
				GCC_WARN_UNUSED_FUNCTION = YES;
				GCC_WARN_UNUSED_VARIABLE = YES;
				IPHONEOS_DEPLOYMENT_TARGET = 14.5;
				MTL_ENABLE_DEBUG_INFO = NO;
				MTL_FAST_MATH = YES;
				SDKROOT = iphoneos;
				SWIFT_COMPILATION_MODE = wholemodule;
				SWIFT_OPTIMIZATION_LEVEL = "-O";
				VALIDATE_PRODUCT = YES;
			};
			name = Release;
		};
		78681D2A269C93B400975FA6 /* Debug */ = {
			isa = XCBuildConfiguration;
			buildSettings = {
				ASSETCATALOG_COMPILER_APPICON_NAME = AppIcon;
				ASSETCATALOG_COMPILER_GLOBAL_ACCENT_COLOR_NAME = AccentColor;
				CODE_SIGN_STYLE = Automatic;
				DEVELOPMENT_TEAM = XC88RDVQV3;
				INFOPLIST_FILE = Dice/Info.plist;
				LD_RUNPATH_SEARCH_PATHS = (
					"$(inherited)",
					"@executable_path/Frameworks",
				);
				PRODUCT_BUNDLE_IDENTIFIER = "Ivan-Zakharchuk.Dice";
				PRODUCT_NAME = "$(TARGET_NAME)";
				SWIFT_VERSION = 5.0;
				TARGETED_DEVICE_FAMILY = "1,2";
			};
			name = Debug;
		};
		78681D2B269C93B400975FA6 /* Release */ = {
			isa = XCBuildConfiguration;
			buildSettings = {
				ASSETCATALOG_COMPILER_APPICON_NAME = AppIcon;
				ASSETCATALOG_COMPILER_GLOBAL_ACCENT_COLOR_NAME = AccentColor;
				CODE_SIGN_STYLE = Automatic;
				DEVELOPMENT_TEAM = XC88RDVQV3;
				INFOPLIST_FILE = Dice/Info.plist;
				LD_RUNPATH_SEARCH_PATHS = (
					"$(inherited)",
					"@executable_path/Frameworks",
				);
				PRODUCT_BUNDLE_IDENTIFIER = "Ivan-Zakharchuk.Dice";
				PRODUCT_NAME = "$(TARGET_NAME)";
				SWIFT_VERSION = 5.0;
				TARGETED_DEVICE_FAMILY = "1,2";
			};
			name = Release;
		};
		78681D2D269C93B400975FA6 /* Debug */ = {
			isa = XCBuildConfiguration;
			buildSettings = {
				ALWAYS_EMBED_SWIFT_STANDARD_LIBRARIES = YES;
				BUNDLE_LOADER = "$(TEST_HOST)";
				CODE_SIGN_STYLE = Automatic;
				DEVELOPMENT_TEAM = XC88RDVQV3;
				INFOPLIST_FILE = DiceTests/Info.plist;
				IPHONEOS_DEPLOYMENT_TARGET = 14.5;
				LD_RUNPATH_SEARCH_PATHS = (
					"$(inherited)",
					"@executable_path/Frameworks",
					"@loader_path/Frameworks",
				);
				PRODUCT_BUNDLE_IDENTIFIER = "Ivan-Zakharchuk.DiceTests";
				PRODUCT_NAME = "$(TARGET_NAME)";
				SWIFT_VERSION = 5.0;
				TARGETED_DEVICE_FAMILY = "1,2";
				TEST_HOST = "$(BUILT_PRODUCTS_DIR)/Dice.app/Dice";
			};
			name = Debug;
		};
		78681D2E269C93B400975FA6 /* Release */ = {
			isa = XCBuildConfiguration;
			buildSettings = {
				ALWAYS_EMBED_SWIFT_STANDARD_LIBRARIES = YES;
				BUNDLE_LOADER = "$(TEST_HOST)";
				CODE_SIGN_STYLE = Automatic;
				DEVELOPMENT_TEAM = XC88RDVQV3;
				INFOPLIST_FILE = DiceTests/Info.plist;
				IPHONEOS_DEPLOYMENT_TARGET = 14.5;
				LD_RUNPATH_SEARCH_PATHS = (
					"$(inherited)",
					"@executable_path/Frameworks",
					"@loader_path/Frameworks",
				);
				PRODUCT_BUNDLE_IDENTIFIER = "Ivan-Zakharchuk.DiceTests";
				PRODUCT_NAME = "$(TARGET_NAME)";
				SWIFT_VERSION = 5.0;
				TARGETED_DEVICE_FAMILY = "1,2";
				TEST_HOST = "$(BUILT_PRODUCTS_DIR)/Dice.app/Dice";
			};
			name = Release;
		};
		78681D30269C93B400975FA6 /* Debug */ = {
			isa = XCBuildConfiguration;
			buildSettings = {
				ALWAYS_EMBED_SWIFT_STANDARD_LIBRARIES = YES;
				CODE_SIGN_STYLE = Automatic;
				DEVELOPMENT_TEAM = XC88RDVQV3;
				INFOPLIST_FILE = DiceUITests/Info.plist;
				LD_RUNPATH_SEARCH_PATHS = (
					"$(inherited)",
					"@executable_path/Frameworks",
					"@loader_path/Frameworks",
				);
				PRODUCT_BUNDLE_IDENTIFIER = "Ivan-Zakharchuk.DiceUITests";
				PRODUCT_NAME = "$(TARGET_NAME)";
				SWIFT_VERSION = 5.0;
				TARGETED_DEVICE_FAMILY = "1,2";
				TEST_TARGET_NAME = Dice;
			};
			name = Debug;
		};
		78681D31269C93B400975FA6 /* Release */ = {
			isa = XCBuildConfiguration;
			buildSettings = {
				ALWAYS_EMBED_SWIFT_STANDARD_LIBRARIES = YES;
				CODE_SIGN_STYLE = Automatic;
				DEVELOPMENT_TEAM = XC88RDVQV3;
				INFOPLIST_FILE = DiceUITests/Info.plist;
				LD_RUNPATH_SEARCH_PATHS = (
					"$(inherited)",
					"@executable_path/Frameworks",
					"@loader_path/Frameworks",
				);
				PRODUCT_BUNDLE_IDENTIFIER = "Ivan-Zakharchuk.DiceUITests";
				PRODUCT_NAME = "$(TARGET_NAME)";
				SWIFT_VERSION = 5.0;
				TARGETED_DEVICE_FAMILY = "1,2";
				TEST_TARGET_NAME = Dice;
			};
			name = Release;
		};
/* End XCBuildConfiguration section */

/* Begin XCConfigurationList section */
		78681CFA269C93B100975FA6 /* Build configuration list for PBXProject "Dice" */ = {
			isa = XCConfigurationList;
			buildConfigurations = (
				78681D27269C93B400975FA6 /* Debug */,
				78681D28269C93B400975FA6 /* Release */,
			);
			defaultConfigurationIsVisible = 0;
			defaultConfigurationName = Release;
		};
		78681D29269C93B400975FA6 /* Build configuration list for PBXNativeTarget "Dice" */ = {
			isa = XCConfigurationList;
			buildConfigurations = (
				78681D2A269C93B400975FA6 /* Debug */,
				78681D2B269C93B400975FA6 /* Release */,
			);
			defaultConfigurationIsVisible = 0;
			defaultConfigurationName = Release;
		};
		78681D2C269C93B400975FA6 /* Build configuration list for PBXNativeTarget "DiceTests" */ = {
			isa = XCConfigurationList;
			buildConfigurations = (
				78681D2D269C93B400975FA6 /* Debug */,
				78681D2E269C93B400975FA6 /* Release */,
			);
			defaultConfigurationIsVisible = 0;
			defaultConfigurationName = Release;
		};
		78681D2F269C93B400975FA6 /* Build configuration list for PBXNativeTarget "DiceUITests" */ = {
			isa = XCConfigurationList;
			buildConfigurations = (
				78681D30269C93B400975FA6 /* Debug */,
				78681D31269C93B400975FA6 /* Release */,
			);
			defaultConfigurationIsVisible = 0;
			defaultConfigurationName = Release;
		};
/* End XCConfigurationList section */
	};
	rootObject = 78681CF7269C93B100975FA6 /* Project object */;
}
